
Microsoft Visual Studio Solution File, Format Version 12.00
# Visual Studio Version 17
VisualStudioVersion = 17.9.34728.123
MinimumVisualStudioVersion = 10.0.40219.1
Project("{FAE04EC0-301F-11D3-BF4B-00C04F79EFBC}") = "ThermoViewer", "ThermoViewer\ThermoViewer.csproj", "{4D999CA8-C9B6-4C09-ACDC-274C213D0800}"
EndProject
Global
	GlobalSection(SolutionConfigurationPlatforms) = preSolution
		Debug|Any CPU = Debug|Any CPU
		Release|Any CPU = Release|Any CPU
	EndGlobalSection
	GlobalSection(ProjectConfigurationPlatforms) = postSolution
		{4D999CA8-C9B6-4C09-ACDC-274C213D0800}.Debug|Any CPU.ActiveCfg = Debug|Any CPU
		{4D999CA8-C9B6-4C09-ACDC-274C213D0800}.Debug|Any CPU.Build.0 = Debug|Any CPU
		{4D999CA8-C9B6-4C09-ACDC-274C213D0800}.Release|Any CPU.ActiveCfg = Release|Any CPU
		{4D999CA8-C9B6-4C09-ACDC-274C213D0800}.Release|Any CPU.Build.0 = Release|Any CPU
	EndGlobalSection
	GlobalSection(SolutionProperties) = preSolution
		HideSolutionNode = FALSE
	EndGlobalSection
	GlobalSection(ExtensibilityGlobals) = postSolution
		SolutionGuid = {D227D845-8F98-427A-B86A-CEA1B73A53DF}
	EndGlobalSection
EndGlobal
